// !$*UTF8*$!
{
	archiveVersion = 1;
	classes = {
	};
	objectVersion = 56;
	objects = {

/* Begin PBXBuildFile section */
		D7F3A7662BA4AB0400E6CA4E /* AppDelegate.swift in Sources */ = {isa = PBXBuildFile; fileRef = D7F3A7652BA4AB0400E6CA4E /* AppDelegate.swift */; };
		D7F3A7682BA4AB0400E6CA4E /* SceneDelegate.swift in Sources */ = {isa = PBXBuildFile; fileRef = D7F3A7672BA4AB0400E6CA4E /* SceneDelegate.swift */; };
		D7F3A76A2BA4AB0400E6CA4E /* ViewController.swift in Sources */ = {isa = PBXBuildFile; fileRef = D7F3A7692BA4AB0400E6CA4E /* ViewController.swift */; };
		D7F3A76D2BA4AB0400E6CA4E /* Main.storyboard in Resources */ = {isa = PBXBuildFile; fileRef = D7F3A76B2BA4AB0400E6CA4E /* Main.storyboard */; };
		D7F3A76F2BA4AB0500E6CA4E /* Assets.xcassets in Resources */ = {isa = PBXBuildFile; fileRef = D7F3A76E2BA4AB0500E6CA4E /* Assets.xcassets */; };
		D7F3A7722BA4AB0500E6CA4E /* LaunchScreen.storyboard in Resources */ = {isa = PBXBuildFile; fileRef = D7F3A7702BA4AB0500E6CA4E /* LaunchScreen.storyboard */; };
		D7F3A77D2BA4AB0500E6CA4E /* ObjectsWithCodeTests.swift in Sources */ = {isa = PBXBuildFile; fileRef = D7F3A77C2BA4AB0500E6CA4E /* ObjectsWithCodeTests.swift */; };
		D7F3A7872BA4AB0500E6CA4E /* ObjectsWithCodeUITests.swift in Sources */ = {isa = PBXBuildFile; fileRef = D7F3A7862BA4AB0500E6CA4E /* ObjectsWithCodeUITests.swift */; };
		D7F3A7892BA4AB0500E6CA4E /* ObjectsWithCodeUITestsLaunchTests.swift in Sources */ = {isa = PBXBuildFile; fileRef = D7F3A7882BA4AB0500E6CA4E /* ObjectsWithCodeUITestsLaunchTests.swift */; };
/* End PBXBuildFile section */

/* Begin PBXContainerItemProxy section */
		D7F3A7792BA4AB0500E6CA4E /* PBXContainerItemProxy */ = {
			isa = PBXContainerItemProxy;
			containerPortal = D7F3A75A2BA4AB0400E6CA4E /* Project object */;
			proxyType = 1;
			remoteGlobalIDString = D7F3A7612BA4AB0400E6CA4E;
			remoteInfo = ObjectsWithCode;
		};
		D7F3A7832BA4AB0500E6CA4E /* PBXContainerItemProxy */ = {
			isa = PBXContainerItemProxy;
			containerPortal = D7F3A75A2BA4AB0400E6CA4E /* Project object */;
			proxyType = 1;
			remoteGlobalIDString = D7F3A7612BA4AB0400E6CA4E;
			remoteInfo = ObjectsWithCode;
		};
/* End PBXContainerItemProxy section */

/* Begin PBXFileReference section */
		D7F3A7622BA4AB0400E6CA4E /* ObjectsWithCode.app */ = {isa = PBXFileReference; explicitFileType = wrapper.application; includeInIndex = 0; path = ObjectsWithCode.app; sourceTree = BUILT_PRODUCTS_DIR; };
		D7F3A7652BA4AB0400E6CA4E /* AppDelegate.swift */ = {isa = PBXFileReference; lastKnownFileType = sourcecode.swift; path = AppDelegate.swift; sourceTree = "<group>"; };
		D7F3A7672BA4AB0400E6CA4E /* SceneDelegate.swift */ = {isa = PBXFileReference; lastKnownFileType = sourcecode.swift; path = SceneDelegate.swift; sourceTree = "<group>"; };
		D7F3A7692BA4AB0400E6CA4E /* ViewController.swift */ = {isa = PBXFileReference; lastKnownFileType = sourcecode.swift; path = ViewController.swift; sourceTree = "<group>"; };
		D7F3A76C2BA4AB0400E6CA4E /* Base */ = {isa = PBXFileReference; lastKnownFileType = file.storyboard; name = Base; path = Base.lproj/Main.storyboard; sourceTree = "<group>"; };
		D7F3A76E2BA4AB0500E6CA4E /* Assets.xcassets */ = {isa = PBXFileReference; lastKnownFileType = folder.assetcatalog; path = Assets.xcassets; sourceTree = "<group>"; };
		D7F3A7712BA4AB0500E6CA4E /* Base */ = {isa = PBXFileReference; lastKnownFileType = file.storyboard; name = Base; path = Base.lproj/LaunchScreen.storyboard; sourceTree = "<group>"; };
		D7F3A7732BA4AB0500E6CA4E /* Info.plist */ = {isa = PBXFileReference; lastKnownFileType = text.plist.xml; path = Info.plist; sourceTree = "<group>"; };
		D7F3A7782BA4AB0500E6CA4E /* ObjectsWithCodeTests.xctest */ = {isa = PBXFileReference; explicitFileType = wrapper.cfbundle; includeInIndex = 0; path = ObjectsWithCodeTests.xctest; sourceTree = BUILT_PRODUCTS_DIR; };
		D7F3A77C2BA4AB0500E6CA4E /* ObjectsWithCodeTests.swift */ = {isa = PBXFileReference; lastKnownFileType = sourcecode.swift; path = ObjectsWithCodeTests.swift; sourceTree = "<group>"; };
		D7F3A7822BA4AB0500E6CA4E /* ObjectsWithCodeUITests.xctest */ = {isa = PBXFileReference; explicitFileType = wrapper.cfbundle; includeInIndex = 0; path = ObjectsWithCodeUITests.xctest; sourceTree = BUILT_PRODUCTS_DIR; };
		D7F3A7862BA4AB0500E6CA4E /* ObjectsWithCodeUITests.swift */ = {isa = PBXFileReference; lastKnownFileType = sourcecode.swift; path = ObjectsWithCodeUITests.swift; sourceTree = "<group>"; };
		D7F3A7882BA4AB0500E6CA4E /* ObjectsWithCodeUITestsLaunchTests.swift */ = {isa = PBXFileReference; lastKnownFileType = sourcecode.swift; path = ObjectsWithCodeUITestsLaunchTests.swift; sourceTree = "<group>"; };
/* End PBXFileReference section */

/* Begin PBXFrameworksBuildPhase section */
		D7F3A75F2BA4AB0400E6CA4E /* Frameworks */ = {
			isa = PBXFrameworksBuildPhase;
			buildActionMask = 2147483647;
			files = (
			);
			runOnlyForDeploymentPostprocessing = 0;
		};
		D7F3A7752BA4AB0500E6CA4E /* Frameworks */ = {
			isa = PBXFrameworksBuildPhase;
			buildActionMask = 2147483647;
			files = (
			);
			runOnlyForDeploymentPostprocessing = 0;
		};
		D7F3A77F2BA4AB0500E6CA4E /* Frameworks */ = {
			isa = PBXFrameworksBuildPhase;
			buildActionMask = 2147483647;
			files = (
			);
			runOnlyForDeploymentPostprocessing = 0;
		};
/* End PBXFrameworksBuildPhase section */

/* Begin PBXGroup section */
		D7F3A7592BA4AB0400E6CA4E = {
			isa = PBXGroup;
			children = (
				D7F3A7642BA4AB0400E6CA4E /* ObjectsWithCode */,
				D7F3A77B2BA4AB0500E6CA4E /* ObjectsWithCodeTests */,
				D7F3A7852BA4AB0500E6CA4E /* ObjectsWithCodeUITests */,
				D7F3A7632BA4AB0400E6CA4E /* Products */,
			);
			sourceTree = "<group>";
		};
		D7F3A7632BA4AB0400E6CA4E /* Products */ = {
			isa = PBXGroup;
			children = (
				D7F3A7622BA4AB0400E6CA4E /* ObjectsWithCode.app */,
				D7F3A7782BA4AB0500E6CA4E /* ObjectsWithCodeTests.xctest */,
				D7F3A7822BA4AB0500E6CA4E /* ObjectsWithCodeUITests.xctest */,
			);
			name = Products;
			sourceTree = "<group>";
		};
		D7F3A7642BA4AB0400E6CA4E /* ObjectsWithCode */ = {
			isa = PBXGroup;
			children = (
				D7F3A7652BA4AB0400E6CA4E /* AppDelegate.swift */,
				D7F3A7672BA4AB0400E6CA4E /* SceneDelegate.swift */,
				D7F3A7692BA4AB0400E6CA4E /* ViewController.swift */,
				D7F3A76B2BA4AB0400E6CA4E /* Main.storyboard */,
				D7F3A76E2BA4AB0500E6CA4E /* Assets.xcassets */,
				D7F3A7702BA4AB0500E6CA4E /* LaunchScreen.storyboard */,
				D7F3A7732BA4AB0500E6CA4E /* Info.plist */,
			);
			path = ObjectsWithCode;
			sourceTree = "<group>";
		};
		D7F3A77B2BA4AB0500E6CA4E /* ObjectsWithCodeTests */ = {
			isa = PBXGroup;
			children = (
				D7F3A77C2BA4AB0500E6CA4E /* ObjectsWithCodeTests.swift */,
			);
			path = ObjectsWithCodeTests;
			sourceTree = "<group>";
		};
		D7F3A7852BA4AB0500E6CA4E /* ObjectsWithCodeUITests */ = {
			isa = PBXGroup;
			children = (
				D7F3A7862BA4AB0500E6CA4E /* ObjectsWithCodeUITests.swift */,
				D7F3A7882BA4AB0500E6CA4E /* ObjectsWithCodeUITestsLaunchTests.swift */,
			);
			path = ObjectsWithCodeUITests;
			sourceTree = "<group>";
		};
/* End PBXGroup section */

/* Begin PBXNativeTarget section */
		D7F3A7612BA4AB0400E6CA4E /* ObjectsWithCode */ = {
			isa = PBXNativeTarget;
			buildConfigurationList = D7F3A78C2BA4AB0500E6CA4E /* Build configuration list for PBXNativeTarget "ObjectsWithCode" */;
			buildPhases = (
				D7F3A75E2BA4AB0400E6CA4E /* Sources */,
				D7F3A75F2BA4AB0400E6CA4E /* Frameworks */,
				D7F3A7602BA4AB0400E6CA4E /* Resources */,
			);
			buildRules = (
			);
			dependencies = (
			);
			name = ObjectsWithCode;
			productName = ObjectsWithCode;
			productReference = D7F3A7622BA4AB0400E6CA4E /* ObjectsWithCode.app */;
			productType = "com.apple.product-type.application";
		};
		D7F3A7772BA4AB0500E6CA4E /* ObjectsWithCodeTests */ = {
			isa = PBXNativeTarget;
			buildConfigurationList = D7F3A78F2BA4AB0500E6CA4E /* Build configuration list for PBXNativeTarget "ObjectsWithCodeTests" */;
			buildPhases = (
				D7F3A7742BA4AB0500E6CA4E /* Sources */,
				D7F3A7752BA4AB0500E6CA4E /* Frameworks */,
				D7F3A7762BA4AB0500E6CA4E /* Resources */,
			);
			buildRules = (
			);
			dependencies = (
				D7F3A77A2BA4AB0500E6CA4E /* PBXTargetDependency */,
			);
			name = ObjectsWithCodeTests;
			productName = ObjectsWithCodeTests;
			productReference = D7F3A7782BA4AB0500E6CA4E /* ObjectsWithCodeTests.xctest */;
			productType = "com.apple.product-type.bundle.unit-test";
		};
		D7F3A7812BA4AB0500E6CA4E /* ObjectsWithCodeUITests */ = {
			isa = PBXNativeTarget;
			buildConfigurationList = D7F3A7922BA4AB0500E6CA4E /* Build configuration list for PBXNativeTarget "ObjectsWithCodeUITests" */;
			buildPhases = (
				D7F3A77E2BA4AB0500E6CA4E /* Sources */,
				D7F3A77F2BA4AB0500E6CA4E /* Frameworks */,
				D7F3A7802BA4AB0500E6CA4E /* Resources */,
			);
			buildRules = (
			);
			dependencies = (
				D7F3A7842BA4AB0500E6CA4E /* PBXTargetDependency */,
			);
			name = ObjectsWithCodeUITests;
			productName = ObjectsWithCodeUITests;
			productReference = D7F3A7822BA4AB0500E6CA4E /* ObjectsWithCodeUITests.xctest */;
			productType = "com.apple.product-type.bundle.ui-testing";
		};
/* End PBXNativeTarget section */

/* Begin PBXProject section */
		D7F3A75A2BA4AB0400E6CA4E /* Project object */ = {
			isa = PBXProject;
			attributes = {
				BuildIndependentTargetsInParallel = 1;
				LastSwiftUpdateCheck = 1520;
				LastUpgradeCheck = 1520;
				TargetAttributes = {
					D7F3A7612BA4AB0400E6CA4E = {
						CreatedOnToolsVersion = 15.2;
					};
					D7F3A7772BA4AB0500E6CA4E = {
						CreatedOnToolsVersion = 15.2;
						TestTargetID = D7F3A7612BA4AB0400E6CA4E;
					};
					D7F3A7812BA4AB0500E6CA4E = {
						CreatedOnToolsVersion = 15.2;
						TestTargetID = D7F3A7612BA4AB0400E6CA4E;
					};
				};
			};
			buildConfigurationList = D7F3A75D2BA4AB0400E6CA4E /* Build configuration list for PBXProject "ObjectsWithCode" */;
			compatibilityVersion = "Xcode 14.0";
			developmentRegion = en;
			hasScannedForEncodings = 0;
			knownRegions = (
				en,
				Base,
			);
			mainGroup = D7F3A7592BA4AB0400E6CA4E;
			productRefGroup = D7F3A7632BA4AB0400E6CA4E /* Products */;
			projectDirPath = "";
			projectRoot = "";
			targets = (
				D7F3A7612BA4AB0400E6CA4E /* ObjectsWithCode */,
				D7F3A7772BA4AB0500E6CA4E /* ObjectsWithCodeTests */,
				D7F3A7812BA4AB0500E6CA4E /* ObjectsWithCodeUITests */,
			);
		};
/* End PBXProject section */

/* Begin PBXResourcesBuildPhase section */
		D7F3A7602BA4AB0400E6CA4E /* Resources */ = {
			isa = PBXResourcesBuildPhase;
			buildActionMask = 2147483647;
			files = (
				D7F3A7722BA4AB0500E6CA4E /* LaunchScreen.storyboard in Resources */,
				D7F3A76F2BA4AB0500E6CA4E /* Assets.xcassets in Resources */,
				D7F3A76D2BA4AB0400E6CA4E /* Main.storyboard in Resources */,
			);
			runOnlyForDeploymentPostprocessing = 0;
		};
		D7F3A7762BA4AB0500E6CA4E /* Resources */ = {
			isa = PBXResourcesBuildPhase;
			buildActionMask = 2147483647;
			files = (
			);
			runOnlyForDeploymentPostprocessing = 0;
		};
		D7F3A7802BA4AB0500E6CA4E /* Resources */ = {
			isa = PBXResourcesBuildPhase;
			buildActionMask = 2147483647;
			files = (
			);
			runOnlyForDeploymentPostprocessing = 0;
		};
/* End PBXResourcesBuildPhase section */

/* Begin PBXSourcesBuildPhase section */
		D7F3A75E2BA4AB0400E6CA4E /* Sources */ = {
			isa = PBXSourcesBuildPhase;
			buildActionMask = 2147483647;
			files = (
				D7F3A76A2BA4AB0400E6CA4E /* ViewController.swift in Sources */,
				D7F3A7662BA4AB0400E6CA4E /* AppDelegate.swift in Sources */,
				D7F3A7682BA4AB0400E6CA4E /* SceneDelegate.swift in Sources */,
			);
			runOnlyForDeploymentPostprocessing = 0;
		};
		D7F3A7742BA4AB0500E6CA4E /* Sources */ = {
			isa = PBXSourcesBuildPhase;
			buildActionMask = 2147483647;
			files = (
				D7F3A77D2BA4AB0500E6CA4E /* ObjectsWithCodeTests.swift in Sources */,
			);
			runOnlyForDeploymentPostprocessing = 0;
		};
		D7F3A77E2BA4AB0500E6CA4E /* Sources */ = {
			isa = PBXSourcesBuildPhase;
			buildActionMask = 2147483647;
			files = (
				D7F3A7892BA4AB0500E6CA4E /* ObjectsWithCodeUITestsLaunchTests.swift in Sources */,
				D7F3A7872BA4AB0500E6CA4E /* ObjectsWithCodeUITests.swift in Sources */,
			);
			runOnlyForDeploymentPostprocessing = 0;
		};
/* End PBXSourcesBuildPhase section */

/* Begin PBXTargetDependency section */
		D7F3A77A2BA4AB0500E6CA4E /* PBXTargetDependency */ = {
			isa = PBXTargetDependency;
			target = D7F3A7612BA4AB0400E6CA4E /* ObjectsWithCode */;
			targetProxy = D7F3A7792BA4AB0500E6CA4E /* PBXContainerItemProxy */;
		};
		D7F3A7842BA4AB0500E6CA4E /* PBXTargetDependency */ = {
			isa = PBXTargetDependency;
			target = D7F3A7612BA4AB0400E6CA4E /* ObjectsWithCode */;
			targetProxy = D7F3A7832BA4AB0500E6CA4E /* PBXContainerItemProxy */;
		};
/* End PBXTargetDependency section */

/* Begin PBXVariantGroup section */
		D7F3A76B2BA4AB0400E6CA4E /* Main.storyboard */ = {
			isa = PBXVariantGroup;
			children = (
				D7F3A76C2BA4AB0400E6CA4E /* Base */,
			);
			name = Main.storyboard;
			sourceTree = "<group>";
		};
		D7F3A7702BA4AB0500E6CA4E /* LaunchScreen.storyboard */ = {
			isa = PBXVariantGroup;
			children = (
				D7F3A7712BA4AB0500E6CA4E /* Base */,
			);
			name = LaunchScreen.storyboard;
			sourceTree = "<group>";
		};
/* End PBXVariantGroup section */

/* Begin XCBuildConfiguration section */
		D7F3A78A2BA4AB0500E6CA4E /* Debug */ = {
			isa = XCBuildConfiguration;
			buildSettings = {
				ALWAYS_SEARCH_USER_PATHS = NO;
				ASSETCATALOG_COMPILER_GENERATE_SWIFT_ASSET_SYMBOL_EXTENSIONS = YES;
				CLANG_ANALYZER_NONNULL = YES;
				CLANG_ANALYZER_NUMBER_OBJECT_CONVERSION = YES_AGGRESSIVE;
				CLANG_CXX_LANGUAGE_STANDARD = "gnu++20";
				CLANG_ENABLE_MODULES = YES;
				CLANG_ENABLE_OBJC_ARC = YES;
				CLANG_ENABLE_OBJC_WEAK = YES;
				CLANG_WARN_BLOCK_CAPTURE_AUTORELEASING = YES;
				CLANG_WARN_BOOL_CONVERSION = YES;
				CLANG_WARN_COMMA = YES;
				CLANG_WARN_CONSTANT_CONVERSION = YES;
				CLANG_WARN_DEPRECATED_OBJC_IMPLEMENTATIONS = YES;
				CLANG_WARN_DIRECT_OBJC_ISA_USAGE = YES_ERROR;
				CLANG_WARN_DOCUMENTATION_COMMENTS = YES;
				CLANG_WARN_EMPTY_BODY = YES;
				CLANG_WARN_ENUM_CONVERSION = YES;
				CLANG_WARN_INFINITE_RECURSION = YES;
				CLANG_WARN_INT_CONVERSION = YES;
				CLANG_WARN_NON_LITERAL_NULL_CONVERSION = YES;
				CLANG_WARN_OBJC_IMPLICIT_RETAIN_SELF = YES;
				CLANG_WARN_OBJC_LITERAL_CONVERSION = YES;
				CLANG_WARN_OBJC_ROOT_CLASS = YES_ERROR;
				CLANG_WARN_QUOTED_INCLUDE_IN_FRAMEWORK_HEADER = YES;
				CLANG_WARN_RANGE_LOOP_ANALYSIS = YES;
				CLANG_WARN_STRICT_PROTOTYPES = YES;
				CLANG_WARN_SUSPICIOUS_MOVE = YES;
				CLANG_WARN_UNGUARDED_AVAILABILITY = YES_AGGRESSIVE;
				CLANG_WARN_UNREACHABLE_CODE = YES;
				CLANG_WARN__DUPLICATE_METHOD_MATCH = YES;
				COPY_PHASE_STRIP = NO;
				DEBUG_INFORMATION_FORMAT = dwarf;
				ENABLE_STRICT_OBJC_MSGSEND = YES;
				ENABLE_TESTABILITY = YES;
				ENABLE_USER_SCRIPT_SANDBOXING = YES;
				GCC_C_LANGUAGE_STANDARD = gnu17;
				GCC_DYNAMIC_NO_PIC = NO;
				GCC_NO_COMMON_BLOCKS = YES;
				GCC_OPTIMIZATION_LEVEL = 0;
				GCC_PREPROCESSOR_DEFINITIONS = (
					"DEBUG=1",
					"$(inherited)",
				);
				GCC_WARN_64_TO_32_BIT_CONVERSION = YES;
				GCC_WARN_ABOUT_RETURN_TYPE = YES_ERROR;
				GCC_WARN_UNDECLARED_SELECTOR = YES;
				GCC_WARN_UNINITIALIZED_AUTOS = YES_AGGRESSIVE;
				GCC_WARN_UNUSED_FUNCTION = YES;
				GCC_WARN_UNUSED_VARIABLE = YES;
				IPHONEOS_DEPLOYMENT_TARGET = 17.2;
				LOCALIZATION_PREFERS_STRING_CATALOGS = YES;
				MTL_ENABLE_DEBUG_INFO = INCLUDE_SOURCE;
				MTL_FAST_MATH = YES;
				ONLY_ACTIVE_ARCH = YES;
				SDKROOT = iphoneos;
				SWIFT_ACTIVE_COMPILATION_CONDITIONS = "DEBUG $(inherited)";
				SWIFT_OPTIMIZATION_LEVEL = "-Onone";
			};
			name = Debug;
		};
		D7F3A78B2BA4AB0500E6CA4E /* Release */ = {
			isa = XCBuildConfiguration;
			buildSettings = {
				ALWAYS_SEARCH_USER_PATHS = NO;
				ASSETCATALOG_COMPILER_GENERATE_SWIFT_ASSET_SYMBOL_EXTENSIONS = YES;
				CLANG_ANALYZER_NONNULL = YES;
				CLANG_ANALYZER_NUMBER_OBJECT_CONVERSION = YES_AGGRESSIVE;
				CLANG_CXX_LANGUAGE_STANDARD = "gnu++20";
				CLANG_ENABLE_MODULES = YES;
				CLANG_ENABLE_OBJC_ARC = YES;
				CLANG_ENABLE_OBJC_WEAK = YES;
				CLANG_WARN_BLOCK_CAPTURE_AUTORELEASING = YES;
				CLANG_WARN_BOOL_CONVERSION = YES;
				CLANG_WARN_COMMA = YES;
				CLANG_WARN_CONSTANT_CONVERSION = YES;
				CLANG_WARN_DEPRECATED_OBJC_IMPLEMENTATIONS = YES;
				CLANG_WARN_DIRECT_OBJC_ISA_USAGE = YES_ERROR;
				CLANG_WARN_DOCUMENTATION_COMMENTS = YES;
				CLANG_WARN_EMPTY_BODY = YES;
				CLANG_WARN_ENUM_CONVERSION = YES;
				CLANG_WARN_INFINITE_RECURSION = YES;
				CLANG_WARN_INT_CONVERSION = YES;
				CLANG_WARN_NON_LITERAL_NULL_CONVERSION = YES;
				CLANG_WARN_OBJC_IMPLICIT_RETAIN_SELF = YES;
				CLANG_WARN_OBJC_LITERAL_CONVERSION = YES;
				CLANG_WARN_OBJC_ROOT_CLASS = YES_ERROR;
				CLANG_WARN_QUOTED_INCLUDE_IN_FRAMEWORK_HEADER = YES;
				CLANG_WARN_RANGE_LOOP_ANALYSIS = YES;
				CLANG_WARN_STRICT_PROTOTYPES = YES;
				CLANG_WARN_SUSPICIOUS_MOVE = YES;
				CLANG_WARN_UNGUARDED_AVAILABILITY = YES_AGGRESSIVE;
				CLANG_WARN_UNREACHABLE_CODE = YES;
				CLANG_WARN__DUPLICATE_METHOD_MATCH = YES;
				COPY_PHASE_STRIP = NO;
				DEBUG_INFORMATION_FORMAT = "dwarf-with-dsym";
				ENABLE_NS_ASSERTIONS = NO;
				ENABLE_STRICT_OBJC_MSGSEND = YES;
				ENABLE_USER_SCRIPT_SANDBOXING = YES;
				GCC_C_LANGUAGE_STANDARD = gnu17;
				GCC_NO_COMMON_BLOCKS = YES;
				GCC_WARN_64_TO_32_BIT_CONVERSION = YES;
				GCC_WARN_ABOUT_RETURN_TYPE = YES_ERROR;
				GCC_WARN_UNDECLARED_SELECTOR = YES;
				GCC_WARN_UNINITIALIZED_AUTOS = YES_AGGRESSIVE;
				GCC_WARN_UNUSED_FUNCTION = YES;
				GCC_WARN_UNUSED_VARIABLE = YES;
				IPHONEOS_DEPLOYMENT_TARGET = 17.2;
				LOCALIZATION_PREFERS_STRING_CATALOGS = YES;
				MTL_ENABLE_DEBUG_INFO = NO;
				MTL_FAST_MATH = YES;
				SDKROOT = iphoneos;
				SWIFT_COMPILATION_MODE = wholemodule;
				VALIDATE_PRODUCT = YES;
			};
			name = Release;
		};
		D7F3A78D2BA4AB0500E6CA4E /* Debug */ = {
			isa = XCBuildConfiguration;
			buildSettings = {
				ASSETCATALOG_COMPILER_APPICON_NAME = AppIcon;
				ASSETCATALOG_COMPILER_GLOBAL_ACCENT_COLOR_NAME = AccentColor;
				CODE_SIGN_STYLE = Automatic;
				CURRENT_PROJECT_VERSION = 1;
				GENERATE_INFOPLIST_FILE = YES;
				INFOPLIST_FILE = ObjectsWithCode/Info.plist;
				INFOPLIST_KEY_UIApplicationSupportsIndirectInputEvents = YES;
				INFOPLIST_KEY_UILaunchStoryboardName = LaunchScreen;
				INFOPLIST_KEY_UIMainStoryboardFile = Main;
				INFOPLIST_KEY_UISupportedInterfaceOrientations_iPad = "UIInterfaceOrientationPortrait UIInterfaceOrientationPortraitUpsideDown UIInterfaceOrientationLandscapeLeft UIInterfaceOrientationLandscapeRight";
				INFOPLIST_KEY_UISupportedInterfaceOrientations_iPhone = "UIInterfaceOrientationPortrait UIInterfaceOrientationLandscapeLeft UIInterfaceOrientationLandscapeRight";
				LD_RUNPATH_SEARCH_PATHS = (
					"$(inherited)",
					"@executable_path/Frameworks",
				);
				MARKETING_VERSION = 1.0;
				PRODUCT_BUNDLE_IDENTIFIER = com.Weyinmi.ObjectsWithCode;
				PRODUCT_NAME = "$(TARGET_NAME)";
				SWIFT_EMIT_LOC_STRINGS = YES;
				SWIFT_VERSION = 5.0;
				TARGETED_DEVICE_FAMILY = "1,2";
			};
			name = Debug;
		};
		D7F3A78E2BA4AB0500E6CA4E /* Release */ = {
			isa = XCBuildConfiguration;
			buildSettings = {
				ASSETCATALOG_COMPILER_APPICON_NAME = AppIcon;
				ASSETCATALOG_COMPILER_GLOBAL_ACCENT_COLOR_NAME = AccentColor;
				CODE_SIGN_STYLE = Automatic;
				CURRENT_PROJECT_VERSION = 1;
				GENERATE_INFOPLIST_FILE = YES;
				INFOPLIST_FILE = ObjectsWithCode/Info.plist;
				INFOPLIST_KEY_UIApplicationSupportsIndirectInputEvents = YES;
				INFOPLIST_KEY_UILaunchStoryboardName = LaunchScreen;
				INFOPLIST_KEY_UIMainStoryboardFile = Main;
				INFOPLIST_KEY_UISupportedInterfaceOrientations_iPad = "UIInterfaceOrientationPortrait UIInterfaceOrientationPortraitUpsideDown UIInterfaceOrientationLandscapeLeft UIInterfaceOrientationLandscapeRight";
				INFOPLIST_KEY_UISupportedInterfaceOrientations_iPhone = "UIInterfaceOrientationPortrait UIInterfaceOrientationLandscapeLeft UIInterfaceOrientationLandscapeRight";
				LD_RUNPATH_SEARCH_PATHS = (
					"$(inherited)",
					"@executable_path/Frameworks",
				);
				MARKETING_VERSION = 1.0;
				PRODUCT_BUNDLE_IDENTIFIER = com.Weyinmi.ObjectsWithCode;
				PRODUCT_NAME = "$(TARGET_NAME)";
				SWIFT_EMIT_LOC_STRINGS = YES;
				SWIFT_VERSION = 5.0;
				TARGETED_DEVICE_FAMILY = "1,2";
			};
			name = Release;
		};
		D7F3A7902BA4AB0500E6CA4E /* Debug */ = {
			isa = XCBuildConfiguration;
			buildSettings = {
				ALWAYS_EMBED_SWIFT_STANDARD_LIBRARIES = YES;
				BUNDLE_LOADER = "$(TEST_HOST)";
				CODE_SIGN_STYLE = Automatic;
				CURRENT_PROJECT_VERSION = 1;
				GENERATE_INFOPLIST_FILE = YES;
				IPHONEOS_DEPLOYMENT_TARGET = 17.2;
				MARKETING_VERSION = 1.0;
				PRODUCT_BUNDLE_IDENTIFIER = com.Weyinmi.ObjectsWithCodeTests;
				PRODUCT_NAME = "$(TARGET_NAME)";
				SWIFT_EMIT_LOC_STRINGS = NO;
				SWIFT_VERSION = 5.0;
				TARGETED_DEVICE_FAMILY = "1,2";
				TEST_HOST = "$(BUILT_PRODUCTS_DIR)/ObjectsWithCode.app/$(BUNDLE_EXECUTABLE_FOLDER_PATH)/ObjectsWithCode";
			};
			name = Debug;
		};
		D7F3A7912BA4AB0500E6CA4E /* Release */ = {
			isa = XCBuildConfiguration;
			buildSettings = {
				ALWAYS_EMBED_SWIFT_STANDARD_LIBRARIES = YES;
				BUNDLE_LOADER = "$(TEST_HOST)";
				CODE_SIGN_STYLE = Automatic;
				CURRENT_PROJECT_VERSION = 1;
				GENERATE_INFOPLIST_FILE = YES;
				IPHONEOS_DEPLOYMENT_TARGET = 17.2;
				MARKETING_VERSION = 1.0;
				PRODUCT_BUNDLE_IDENTIFIER = com.Weyinmi.ObjectsWithCodeTests;
				PRODUCT_NAME = "$(TARGET_NAME)";
				SWIFT_EMIT_LOC_STRINGS = NO;
				SWIFT_VERSION = 5.0;
				TARGETED_DEVICE_FAMILY = "1,2";
				TEST_HOST = "$(BUILT_PRODUCTS_DIR)/ObjectsWithCode.app/$(BUNDLE_EXECUTABLE_FOLDER_PATH)/ObjectsWithCode";
			};
			name = Release;
		};
		D7F3A7932BA4AB0500E6CA4E /* Debug */ = {
			isa = XCBuildConfiguration;
			buildSettings = {
				ALWAYS_EMBED_SWIFT_STANDARD_LIBRARIES = YES;
				CODE_SIGN_STYLE = Automatic;
				CURRENT_PROJECT_VERSION = 1;
				GENERATE_INFOPLIST_FILE = YES;
				MARKETING_VERSION = 1.0;
				PRODUCT_BUNDLE_IDENTIFIER = com.Weyinmi.ObjectsWithCodeUITests;
				PRODUCT_NAME = "$(TARGET_NAME)";
				SWIFT_EMIT_LOC_STRINGS = NO;
				SWIFT_VERSION = 5.0;
				TARGETED_DEVICE_FAMILY = "1,2";
				TEST_TARGET_NAME = ObjectsWithCode;
			};
			name = Debug;
		};
		D7F3A7942BA4AB0500E6CA4E /* Release */ = {
			isa = XCBuildConfiguration;
			buildSettings = {
				ALWAYS_EMBED_SWIFT_STANDARD_LIBRARIES = YES;
				CODE_SIGN_STYLE = Automatic;
				CURRENT_PROJECT_VERSION = 1;
				GENERATE_INFOPLIST_FILE = YES;
				MARKETING_VERSION = 1.0;
				PRODUCT_BUNDLE_IDENTIFIER = com.Weyinmi.ObjectsWithCodeUITests;
				PRODUCT_NAME = "$(TARGET_NAME)";
				SWIFT_EMIT_LOC_STRINGS = NO;
				SWIFT_VERSION = 5.0;
				TARGETED_DEVICE_FAMILY = "1,2";
				TEST_TARGET_NAME = ObjectsWithCode;
			};
			name = Release;
		};
/* End XCBuildConfiguration section */

/* Begin XCConfigurationList section */
		D7F3A75D2BA4AB0400E6CA4E /* Build configuration list for PBXProject "ObjectsWithCode" */ = {
			isa = XCConfigurationList;
			buildConfigurations = (
				D7F3A78A2BA4AB0500E6CA4E /* Debug */,
				D7F3A78B2BA4AB0500E6CA4E /* Release */,
			);
			defaultConfigurationIsVisible = 0;
			defaultConfigurationName = Release;
		};
		D7F3A78C2BA4AB0500E6CA4E /* Build configuration list for PBXNativeTarget "ObjectsWithCode" */ = {
			isa = XCConfigurationList;
			buildConfigurations = (
				D7F3A78D2BA4AB0500E6CA4E /* Debug */,
				D7F3A78E2BA4AB0500E6CA4E /* Release */,
			);
			defaultConfigurationIsVisible = 0;
			defaultConfigurationName = Release;
		};
		D7F3A78F2BA4AB0500E6CA4E /* Build configuration list for PBXNativeTarget "ObjectsWithCodeTests" */ = {
			isa = XCConfigurationList;
			buildConfigurations = (
				D7F3A7902BA4AB0500E6CA4E /* Debug */,
				D7F3A7912BA4AB0500E6CA4E /* Release */,
			);
			defaultConfigurationIsVisible = 0;
			defaultConfigurationName = Release;
		};
		D7F3A7922BA4AB0500E6CA4E /* Build configuration list for PBXNativeTarget "ObjectsWithCodeUITests" */ = {
			isa = XCConfigurationList;
			buildConfigurations = (
				D7F3A7932BA4AB0500E6CA4E /* Debug */,
				D7F3A7942BA4AB0500E6CA4E /* Release */,
			);
			defaultConfigurationIsVisible = 0;
			defaultConfigurationName = Release;
		};
/* End XCConfigurationList section */
	};
	rootObject = D7F3A75A2BA4AB0400E6CA4E /* Project object */;
}
